
Microsoft Visual Studio Solution File, Format Version 12.00
# Visual Studio Version 17
VisualStudioVersion = 17.4.33213.308
MinimumVisualStudioVersion = 10.0.40219.1
Project("{9A19103F-16F7-4668-BE54-9A1E7A4F7556}") = "Data", "Entities-Context\Data.csproj", "{229B6060-9590-4F0E-B174-FFC01BD8CB28}"
EndProject
Project("{9A19103F-16F7-4668-BE54-9A1E7A4F7556}") = "Services", "Services\Services.csproj", "{009CDEF4-7D57-415B-8A01-6E86CE81702C}"
EndProject
Project("{9A19103F-16F7-4668-BE54-9A1E7A4F7556}") = "Core", "DTOs\Core.csproj", "{F54A1650-C71E-4BA4-9933-605DA72B0521}"
EndProject
Project("{9A19103F-16F7-4668-BE54-9A1E7A4F7556}") = "Web Api Controllers", "Web Api Controllers\Web Api Controllers.csproj", "{8DE5D9F3-AC0E-4CF3-B072-BCD6D6CD66BF}"
EndProject
Project("{9A19103F-16F7-4668-BE54-9A1E7A4F7556}") = "Data.CQS", "Data.CQS\Data.CQS.csproj", "{D8F660C6-EE08-48A2-960A-64BBBA5F803E}"
EndProject
Project("{2150E333-8FDC-42A3-9474-1A3956D46DE8}") = "Solution Items", "Solution Items", "{55B55843-600E-4C9D-8281-C5CC8B7BE44C}"
	ProjectSection(SolutionItems) = preProject
		.editorconfig = .editorconfig
	EndProjectSection
EndProject
Project("{9A19103F-16F7-4668-BE54-9A1E7A4F7556}") = "Services.Tests", "Tests\Services.Tests.csproj", "{D1836E23-AE9C-4C12-91F0-F3617D817545}"
EndProject
Project("{9A19103F-16F7-4668-BE54-9A1E7A4F7556}") = "WebApi.Tests", "WebApi.Tests\WebApi.Tests.csproj", "{B5EA8E1F-02DE-4B96-BA73-3E212FB63F04}"
EndProject
Project("{9A19103F-16F7-4668-BE54-9A1E7A4F7556}") = "IServices", "IServices\IServices.csproj", "{B0A5EE53-F981-4A1C-807E-A90C18B020EB}"
EndProject
Global
	GlobalSection(SolutionConfigurationPlatforms) = preSolution
		Debug|Any CPU = Debug|Any CPU
		Release|Any CPU = Release|Any CPU
	EndGlobalSection
	GlobalSection(ProjectConfigurationPlatforms) = postSolution
		{229B6060-9590-4F0E-B174-FFC01BD8CB28}.Debug|Any CPU.ActiveCfg = Debug|Any CPU
		{229B6060-9590-4F0E-B174-FFC01BD8CB28}.Debug|Any CPU.Build.0 = Debug|Any CPU
		{229B6060-9590-4F0E-B174-FFC01BD8CB28}.Release|Any CPU.ActiveCfg = Release|Any CPU
		{229B6060-9590-4F0E-B174-FFC01BD8CB28}.Release|Any CPU.Build.0 = Release|Any CPU
		{009CDEF4-7D57-415B-8A01-6E86CE81702C}.Debug|Any CPU.ActiveCfg = Debug|Any CPU
		{009CDEF4-7D57-415B-8A01-6E86CE81702C}.Debug|Any CPU.Build.0 = Debug|Any CPU
		{009CDEF4-7D57-415B-8A01-6E86CE81702C}.Release|Any CPU.ActiveCfg = Release|Any CPU
		{009CDEF4-7D57-415B-8A01-6E86CE81702C}.Release|Any CPU.Build.0 = Release|Any CPU
		{F54A1650-C71E-4BA4-9933-605DA72B0521}.Debug|Any CPU.ActiveCfg = Debug|Any CPU
		{F54A1650-C71E-4BA4-9933-605DA72B0521}.Debug|Any CPU.Build.0 = Debug|Any CPU
		{F54A1650-C71E-4BA4-9933-605DA72B0521}.Release|Any CPU.ActiveCfg = Release|Any CPU
		{F54A1650-C71E-4BA4-9933-605DA72B0521}.Release|Any CPU.Build.0 = Release|Any CPU
		{8DE5D9F3-AC0E-4CF3-B072-BCD6D6CD66BF}.Debug|Any CPU.ActiveCfg = Debug|Any CPU
		{8DE5D9F3-AC0E-4CF3-B072-BCD6D6CD66BF}.Debug|Any CPU.Build.0 = Debug|Any CPU
		{8DE5D9F3-AC0E-4CF3-B072-BCD6D6CD66BF}.Release|Any CPU.ActiveCfg = Release|Any CPU
		{8DE5D9F3-AC0E-4CF3-B072-BCD6D6CD66BF}.Release|Any CPU.Build.0 = Release|Any CPU
		{D8F660C6-EE08-48A2-960A-64BBBA5F803E}.Debug|Any CPU.ActiveCfg = Debug|Any CPU
		{D8F660C6-EE08-48A2-960A-64BBBA5F803E}.Debug|Any CPU.Build.0 = Debug|Any CPU
		{D8F660C6-EE08-48A2-960A-64BBBA5F803E}.Release|Any CPU.ActiveCfg = Release|Any CPU
		{D8F660C6-EE08-48A2-960A-64BBBA5F803E}.Release|Any CPU.Build.0 = Release|Any CPU
		{D1836E23-AE9C-4C12-91F0-F3617D817545}.Debug|Any CPU.ActiveCfg = Debug|Any CPU
		{D1836E23-AE9C-4C12-91F0-F3617D817545}.Debug|Any CPU.Build.0 = Debug|Any CPU
		{D1836E23-AE9C-4C12-91F0-F3617D817545}.Release|Any CPU.ActiveCfg = Release|Any CPU
		{D1836E23-AE9C-4C12-91F0-F3617D817545}.Release|Any CPU.Build.0 = Release|Any CPU
		{B5EA8E1F-02DE-4B96-BA73-3E212FB63F04}.Debug|Any CPU.ActiveCfg = Debug|Any CPU
		{B5EA8E1F-02DE-4B96-BA73-3E212FB63F04}.Debug|Any CPU.Build.0 = Debug|Any CPU
		{B5EA8E1F-02DE-4B96-BA73-3E212FB63F04}.Release|Any CPU.ActiveCfg = Release|Any CPU
		{B5EA8E1F-02DE-4B96-BA73-3E212FB63F04}.Release|Any CPU.Build.0 = Release|Any CPU
		{B0A5EE53-F981-4A1C-807E-A90C18B020EB}.Debug|Any CPU.ActiveCfg = Debug|Any CPU
		{B0A5EE53-F981-4A1C-807E-A90C18B020EB}.Debug|Any CPU.Build.0 = Debug|Any CPU
		{B0A5EE53-F981-4A1C-807E-A90C18B020EB}.Release|Any CPU.ActiveCfg = Release|Any CPU
		{B0A5EE53-F981-4A1C-807E-A90C18B020EB}.Release|Any CPU.Build.0 = Release|Any CPU
	EndGlobalSection
	GlobalSection(SolutionProperties) = preSolution
		HideSolutionNode = FALSE
	EndGlobalSection
	GlobalSection(ExtensibilityGlobals) = postSolution
		SolutionGuid = {184D6659-CC25-463C-87B2-FC6344F882EE}
	EndGlobalSection
EndGlobal
